// !$*UTF8*$!
{
	archiveVersion = 1;
	classes = {
	};
	objectVersion = 46;
	objects = {

/* Begin PBXBuildFile section */
		8E2E3AAD232992A400EA7E97 /* EPSUtilities.m in Sources */ = {isa = PBXBuildFile; fileRef = 8E2E3AAC232992A400EA7E97 /* EPSUtilities.m */; };
		8E3751481E46950200075653 /* EPSModifiers.m in Sources */ = {isa = PBXBuildFile; fileRef = 8E3751471E46950200075653 /* EPSModifiers.m */; };
		8E37514B1E46C27B00075653 /* EPSModifierTableViewController.m in Sources */ = {isa = PBXBuildFile; fileRef = 8E37514A1E46C27B00075653 /* EPSModifierTableViewController.m */; };
		8E60902A18B514C2001F3D7A /* EPSHelpViewController.m in Sources */ = {isa = PBXBuildFile; fileRef = 8E60902918B514C1001F3D7A /* EPSHelpViewController.m */; };
		8E60902C18B54335001F3D7A /* help.html in Resources */ = {isa = PBXBuildFile; fileRef = 8E60902B18B54335001F3D7A /* help.html */; };
		8E6705A51E5A540D00F47885 /* EPSSedationCode.m in Sources */ = {isa = PBXBuildFile; fileRef = 8E6705A41E5A540D00F47885 /* EPSSedationCode.m */; };
		8E6823BB23467F660012397E /* cardICD10codes2020.txt in Resources */ = {isa = PBXBuildFile; fileRef = 8E6823BA23467F660012397E /* cardICD10codes2020.txt */; };
		8E707E871E3D245B007F8AF8 /* EPSSedationViewController.m in Sources */ = {isa = PBXBuildFile; fileRef = 8E707E861E3D245B007F8AF8 /* EPSSedationViewController.m */; };
		8E716CDC1F1FC84B0078CD34 /* ICD10Code.m in Sources */ = {isa = PBXBuildFile; fileRef = 8E716CDB1F1FC84B0078CD34 /* ICD10Code.m */; };
		8E716CDD1F1FC84B0078CD34 /* ICD10Code.m in Sources */ = {isa = PBXBuildFile; fileRef = 8E716CDB1F1FC84B0078CD34 /* ICD10Code.m */; };
		8E716CE31F1FCE700078CD34 /* ICD10Codes.m in Sources */ = {isa = PBXBuildFile; fileRef = 8E716CE21F1FCE700078CD34 /* ICD10Codes.m */; };
		8E716CE61F1FD9960078CD34 /* ICD10TableViewController.m in Sources */ = {isa = PBXBuildFile; fileRef = 8E716CE51F1FD9960078CD34 /* ICD10TableViewController.m */; };
		8E7CF8E81FA8F07B00A6D065 /* EPSDateTimeCalculatorTableViewController.m in Sources */ = {isa = PBXBuildFile; fileRef = 8E7CF8E71FA8F07B00A6D065 /* EPSDateTimeCalculatorTableViewController.m */; };
		8E84DBB41E2C223700CB851D /* EPSModifier.m in Sources */ = {isa = PBXBuildFile; fileRef = 8E84DBB31E2C223700CB851D /* EPSModifier.m */; };
		8E8E06DF18FEE3E700170147 /* EPSSearchTableViewController.m in Sources */ = {isa = PBXBuildFile; fileRef = 8E8E06DE18FEE3E700170147 /* EPSSearchTableViewController.m */; };
		8E92D321230A1CAE00DC2941 /* Launch Screen.storyboard in Resources */ = {isa = PBXBuildFile; fileRef = 8E92D320230A1CAE00DC2941 /* Launch Screen.storyboard */; };
		8E9AEEFE18BCFEB700B6BC1C /* EPSProcedureKeys.m in Sources */ = {isa = PBXBuildFile; fileRef = 8E9AEEFD18BCFEB700B6BC1C /* EPSProcedureKeys.m */; };
		8E9AEF0218BCFF4800B6BC1C /* EPSProcedureKey.m in Sources */ = {isa = PBXBuildFile; fileRef = 8E9AEF0118BCFF4800B6BC1C /* EPSProcedureKey.m */; };
		8EB955751EE4E132006CCCB2 /* EPSAbout.m in Sources */ = {isa = PBXBuildFile; fileRef = 8EB955741EE4E132006CCCB2 /* EPSAbout.m */; };
		8EB9E4CD1E43A45900767217 /* stripes5.png in Resources */ = {isa = PBXBuildFile; fileRef = 8EB9E4CC1E43A45900767217 /* stripes5.png */; };
		8EC43C1E18B7D09B0007E198 /* EPSCode.m in Sources */ = {isa = PBXBuildFile; fileRef = 8EC43C1D18B7D09B0007E198 /* EPSCode.m */; };
		8EC43C2218B92C6F0007E198 /* EPSCodes.m in Sources */ = {isa = PBXBuildFile; fileRef = 8EC43C2118B92C6F0007E198 /* EPSCodes.m */; };
		8ECCF8AE18C1268200001DC6 /* EPSCodeSummaryTableViewController.m in Sources */ = {isa = PBXBuildFile; fileRef = 8ECCF8AD18C1268200001DC6 /* EPSCodeSummaryTableViewController.m */; };
		8ECCF8B218C1CB9700001DC6 /* EPSCodeAnalyzer.m in Sources */ = {isa = PBXBuildFile; fileRef = 8ECCF8B118C1CB9700001DC6 /* EPSCodeAnalyzer.m */; };
		8ECCF8B618C2324A00001DC6 /* EPSCodeError.m in Sources */ = {isa = PBXBuildFile; fileRef = 8ECCF8B518C2324A00001DC6 /* EPSCodeError.m */; };
		8ECCF8BB18C65E7100001DC6 /* help.org in Resources */ = {isa = PBXBuildFile; fileRef = 8ECCF8BA18C65E7100001DC6 /* help.org */; };
		8ECCF8BD18C65E9000001DC6 /* README.md in Resources */ = {isa = PBXBuildFile; fileRef = 8ECCF8BC18C65E9000001DC6 /* README.md */; };
		8ECCF8BF18C65E9900001DC6 /* LICENSE-2.0.txt in Resources */ = {isa = PBXBuildFile; fileRef = 8ECCF8BE18C65E9900001DC6 /* LICENSE-2.0.txt */; };
		8ECE7A2D1C989CD0001DAEF0 /* EPCodingLaunchScreen_2.storyboard in Resources */ = {isa = PBXBuildFile; fileRef = 8ECE7A2C1C989CD0001DAEF0 /* EPCodingLaunchScreen_2.storyboard */; };
		8EDAD2001901243900CE48CF /* EPSWizardViewController.m in Sources */ = {isa = PBXBuildFile; fileRef = 8EDAD1FF1901243900CE48CF /* EPSWizardViewController.m */; };
		8EDAD2041901286900CE48CF /* EPSWizardContentViewController.m in Sources */ = {isa = PBXBuildFile; fileRef = 8EDAD2031901286900CE48CF /* EPSWizardContentViewController.m */; };
		8EDBEBFB180CCDEB0041A4E3 /* Foundation.framework in Frameworks */ = {isa = PBXBuildFile; fileRef = 8EDBEBFA180CCDEB0041A4E3 /* Foundation.framework */; };
		8EDBEBFD180CCDEB0041A4E3 /* CoreGraphics.framework in Frameworks */ = {isa = PBXBuildFile; fileRef = 8EDBEBFC180CCDEB0041A4E3 /* CoreGraphics.framework */; };
		8EDBEBFF180CCDEB0041A4E3 /* UIKit.framework in Frameworks */ = {isa = PBXBuildFile; fileRef = 8EDBEBFE180CCDEB0041A4E3 /* UIKit.framework */; };
		8EDBEC05180CCDEB0041A4E3 /* InfoPlist.strings in Resources */ = {isa = PBXBuildFile; fileRef = 8EDBEC03180CCDEB0041A4E3 /* InfoPlist.strings */; };
		8EDBEC07180CCDEB0041A4E3 /* main.m in Sources */ = {isa = PBXBuildFile; fileRef = 8EDBEC06180CCDEB0041A4E3 /* main.m */; };
		8EDBEC0B180CCDEB0041A4E3 /* EPSAppDelegate.m in Sources */ = {isa = PBXBuildFile; fileRef = 8EDBEC0A180CCDEB0041A4E3 /* EPSAppDelegate.m */; };
		8EDBEC11180CCDEB0041A4E3 /* Main_iPad.storyboard in Resources */ = {isa = PBXBuildFile; fileRef = 8EDBEC0F180CCDEB0041A4E3 /* Main_iPad.storyboard */; };
		8EDBEC14180CCDEB0041A4E3 /* EPSMasterViewController.m in Sources */ = {isa = PBXBuildFile; fileRef = 8EDBEC13180CCDEB0041A4E3 /* EPSMasterViewController.m */; };
		8EDBEC17180CCDEB0041A4E3 /* EPSDetailViewController.m in Sources */ = {isa = PBXBuildFile; fileRef = 8EDBEC16180CCDEB0041A4E3 /* EPSDetailViewController.m */; };
		8EDBEC19180CCDEB0041A4E3 /* Images.xcassets in Resources */ = {isa = PBXBuildFile; fileRef = 8EDBEC18180CCDEB0041A4E3 /* Images.xcassets */; };
		8EDBEC20180CCDEC0041A4E3 /* XCTest.framework in Frameworks */ = {isa = PBXBuildFile; fileRef = 8EDBEC1F180CCDEC0041A4E3 /* XCTest.framework */; };
		8EDBEC21180CCDEC0041A4E3 /* Foundation.framework in Frameworks */ = {isa = PBXBuildFile; fileRef = 8EDBEBFA180CCDEB0041A4E3 /* Foundation.framework */; };
		8EDBEC22180CCDEC0041A4E3 /* UIKit.framework in Frameworks */ = {isa = PBXBuildFile; fileRef = 8EDBEBFE180CCDEB0041A4E3 /* UIKit.framework */; };
		8EDBEC2A180CCDEC0041A4E3 /* InfoPlist.strings in Resources */ = {isa = PBXBuildFile; fileRef = 8EDBEC28180CCDEC0041A4E3 /* InfoPlist.strings */; };
		8EDBEC2C180CCDEC0041A4E3 /* epcoding_iosTests.m in Sources */ = {isa = PBXBuildFile; fileRef = 8EDBEC2B180CCDEC0041A4E3 /* epcoding_iosTests.m */; };
		8EE149B31E5D55E800740392 /* img in Resources */ = {isa = PBXBuildFile; fileRef = 8EE149B21E5D55E800740392 /* img */; };
/* End PBXBuildFile section */

/* Begin PBXContainerItemProxy section */
		8EDBEC23180CCDEC0041A4E3 /* PBXContainerItemProxy */ = {
			isa = PBXContainerItemProxy;
			containerPortal = 8EDBEBEF180CCDEB0041A4E3 /* Project object */;
			proxyType = 1;
			remoteGlobalIDString = 8EDBEBF6180CCDEB0041A4E3;
			remoteInfo = "epcoding-ios";
		};
/* End PBXContainerItemProxy section */

/* Begin PBXFileReference section */
		8E2E3AAB232992A400EA7E97 /* EPSUtilities.h */ = {isa = PBXFileReference; lastKnownFileType = sourcecode.c.h; path = EPSUtilities.h; sourceTree = "<group>"; };
		8E2E3AAC232992A400EA7E97 /* EPSUtilities.m */ = {isa = PBXFileReference; lastKnownFileType = sourcecode.c.objc; path = EPSUtilities.m; sourceTree = "<group>"; };
		8E3751461E46950200075653 /* EPSModifiers.h */ = {isa = PBXFileReference; fileEncoding = 4; lastKnownFileType = sourcecode.c.h; path = EPSModifiers.h; sourceTree = "<group>"; };
		8E3751471E46950200075653 /* EPSModifiers.m */ = {isa = PBXFileReference; fileEncoding = 4; lastKnownFileType = sourcecode.c.objc; path = EPSModifiers.m; sourceTree = "<group>"; };
		8E3751491E46C27B00075653 /* EPSModifierTableViewController.h */ = {isa = PBXFileReference; fileEncoding = 4; lastKnownFileType = sourcecode.c.h; path = EPSModifierTableViewController.h; sourceTree = "<group>"; };
		8E37514A1E46C27B00075653 /* EPSModifierTableViewController.m */ = {isa = PBXFileReference; fileEncoding = 4; lastKnownFileType = sourcecode.c.objc; path = EPSModifierTableViewController.m; sourceTree = "<group>"; };
		8E60902818B514C1001F3D7A /* EPSHelpViewController.h */ = {isa = PBXFileReference; fileEncoding = 4; lastKnownFileType = sourcecode.c.h; path = EPSHelpViewController.h; sourceTree = "<group>"; };
		8E60902918B514C1001F3D7A /* EPSHelpViewController.m */ = {isa = PBXFileReference; fileEncoding = 4; lastKnownFileType = sourcecode.c.objc; path = EPSHelpViewController.m; sourceTree = "<group>"; };
		8E60902B18B54335001F3D7A /* help.html */ = {isa = PBXFileReference; fileEncoding = 4; lastKnownFileType = text.html; path = help.html; sourceTree = "<group>"; };
		8E6705A31E5A540D00F47885 /* EPSSedationCode.h */ = {isa = PBXFileReference; fileEncoding = 4; lastKnownFileType = sourcecode.c.h; path = EPSSedationCode.h; sourceTree = "<group>"; };
		8E6705A41E5A540D00F47885 /* EPSSedationCode.m */ = {isa = PBXFileReference; fileEncoding = 4; lastKnownFileType = sourcecode.c.objc; path = EPSSedationCode.m; sourceTree = "<group>"; };
		8E6823BA23467F660012397E /* cardICD10codes2020.txt */ = {isa = PBXFileReference; fileEncoding = 4; lastKnownFileType = text; path = cardICD10codes2020.txt; sourceTree = "<group>"; };
		8E707E851E3D245B007F8AF8 /* EPSSedationViewController.h */ = {isa = PBXFileReference; fileEncoding = 4; lastKnownFileType = sourcecode.c.h; path = EPSSedationViewController.h; sourceTree = "<group>"; };
		8E707E861E3D245B007F8AF8 /* EPSSedationViewController.m */ = {isa = PBXFileReference; fileEncoding = 4; lastKnownFileType = sourcecode.c.objc; path = EPSSedationViewController.m; sourceTree = "<group>"; };
		8E716CDA1F1FC84B0078CD34 /* ICD10Code.h */ = {isa = PBXFileReference; fileEncoding = 4; lastKnownFileType = sourcecode.c.h; path = ICD10Code.h; sourceTree = "<group>"; };
		8E716CDB1F1FC84B0078CD34 /* ICD10Code.m */ = {isa = PBXFileReference; fileEncoding = 4; lastKnownFileType = sourcecode.c.objc; path = ICD10Code.m; sourceTree = "<group>"; };
		8E716CE11F1FCE700078CD34 /* ICD10Codes.h */ = {isa = PBXFileReference; fileEncoding = 4; lastKnownFileType = sourcecode.c.h; path = ICD10Codes.h; sourceTree = "<group>"; };
		8E716CE21F1FCE700078CD34 /* ICD10Codes.m */ = {isa = PBXFileReference; fileEncoding = 4; lastKnownFileType = sourcecode.c.objc; path = ICD10Codes.m; sourceTree = "<group>"; };
		8E716CE41F1FD9960078CD34 /* ICD10TableViewController.h */ = {isa = PBXFileReference; fileEncoding = 4; lastKnownFileType = sourcecode.c.h; path = ICD10TableViewController.h; sourceTree = "<group>"; };
		8E716CE51F1FD9960078CD34 /* ICD10TableViewController.m */ = {isa = PBXFileReference; fileEncoding = 4; lastKnownFileType = sourcecode.c.objc; path = ICD10TableViewController.m; sourceTree = "<group>"; };
		8E7CF8E61FA8F07B00A6D065 /* EPSDateTimeCalculatorTableViewController.h */ = {isa = PBXFileReference; lastKnownFileType = sourcecode.c.h; path = EPSDateTimeCalculatorTableViewController.h; sourceTree = "<group>"; };
		8E7CF8E71FA8F07B00A6D065 /* EPSDateTimeCalculatorTableViewController.m */ = {isa = PBXFileReference; lastKnownFileType = sourcecode.c.objc; path = EPSDateTimeCalculatorTableViewController.m; sourceTree = "<group>"; };
		8E84DBB21E2C223700CB851D /* EPSModifier.h */ = {isa = PBXFileReference; fileEncoding = 4; lastKnownFileType = sourcecode.c.h; path = EPSModifier.h; sourceTree = "<group>"; };
		8E84DBB31E2C223700CB851D /* EPSModifier.m */ = {isa = PBXFileReference; fileEncoding = 4; lastKnownFileType = sourcecode.c.objc; path = EPSModifier.m; sourceTree = "<group>"; };
		8E8E06DD18FEE3E700170147 /* EPSSearchTableViewController.h */ = {isa = PBXFileReference; fileEncoding = 4; lastKnownFileType = sourcecode.c.h; path = EPSSearchTableViewController.h; sourceTree = "<group>"; };
		8E8E06DE18FEE3E700170147 /* EPSSearchTableViewController.m */ = {isa = PBXFileReference; fileEncoding = 4; lastKnownFileType = sourcecode.c.objc; path = EPSSearchTableViewController.m; sourceTree = "<group>"; };
		8E92D320230A1CAE00DC2941 /* Launch Screen.storyboard */ = {isa = PBXFileReference; lastKnownFileType = file.storyboard; path = "Launch Screen.storyboard"; sourceTree = "<group>"; };
		8E9AEEFC18BCFEB700B6BC1C /* EPSProcedureKeys.h */ = {isa = PBXFileReference; fileEncoding = 4; lastKnownFileType = sourcecode.c.h; path = EPSProcedureKeys.h; sourceTree = "<group>"; };
		8E9AEEFD18BCFEB700B6BC1C /* EPSProcedureKeys.m */ = {isa = PBXFileReference; fileEncoding = 4; lastKnownFileType = sourcecode.c.objc; path = EPSProcedureKeys.m; sourceTree = "<group>"; };
		8E9AEF0018BCFF4800B6BC1C /* EPSProcedureKey.h */ = {isa = PBXFileReference; fileEncoding = 4; lastKnownFileType = sourcecode.c.h; path = EPSProcedureKey.h; sourceTree = "<group>"; };
		8E9AEF0118BCFF4800B6BC1C /* EPSProcedureKey.m */ = {isa = PBXFileReference; fileEncoding = 4; lastKnownFileType = sourcecode.c.objc; path = EPSProcedureKey.m; sourceTree = "<group>"; };
		8EB955731EE4E132006CCCB2 /* EPSAbout.h */ = {isa = PBXFileReference; fileEncoding = 4; lastKnownFileType = sourcecode.c.h; path = EPSAbout.h; sourceTree = "<group>"; };
		8EB955741EE4E132006CCCB2 /* EPSAbout.m */ = {isa = PBXFileReference; fileEncoding = 4; lastKnownFileType = sourcecode.c.objc; path = EPSAbout.m; sourceTree = "<group>"; };
		8EB9E4CC1E43A45900767217 /* stripes5.png */ = {isa = PBXFileReference; lastKnownFileType = image.png; path = stripes5.png; sourceTree = "<group>"; };
		8EC43C1C18B7D09B0007E198 /* EPSCode.h */ = {isa = PBXFileReference; fileEncoding = 4; lastKnownFileType = sourcecode.c.h; path = EPSCode.h; sourceTree = "<group>"; };
		8EC43C1D18B7D09B0007E198 /* EPSCode.m */ = {isa = PBXFileReference; fileEncoding = 4; lastKnownFileType = sourcecode.c.objc; path = EPSCode.m; sourceTree = "<group>"; };
		8EC43C2018B92C6F0007E198 /* EPSCodes.h */ = {isa = PBXFileReference; fileEncoding = 4; lastKnownFileType = sourcecode.c.h; path = EPSCodes.h; sourceTree = "<group>"; };
		8EC43C2118B92C6F0007E198 /* EPSCodes.m */ = {isa = PBXFileReference; fileEncoding = 4; lastKnownFileType = sourcecode.c.objc; path = EPSCodes.m; sourceTree = "<group>"; };
		8ECCF8AC18C1268200001DC6 /* EPSCodeSummaryTableViewController.h */ = {isa = PBXFileReference; fileEncoding = 4; lastKnownFileType = sourcecode.c.h; path = EPSCodeSummaryTableViewController.h; sourceTree = "<group>"; };
		8ECCF8AD18C1268200001DC6 /* EPSCodeSummaryTableViewController.m */ = {isa = PBXFileReference; fileEncoding = 4; lastKnownFileType = sourcecode.c.objc; path = EPSCodeSummaryTableViewController.m; sourceTree = "<group>"; };
		8ECCF8B018C1CB9700001DC6 /* EPSCodeAnalyzer.h */ = {isa = PBXFileReference; fileEncoding = 4; lastKnownFileType = sourcecode.c.h; path = EPSCodeAnalyzer.h; sourceTree = "<group>"; };
		8ECCF8B118C1CB9700001DC6 /* EPSCodeAnalyzer.m */ = {isa = PBXFileReference; fileEncoding = 4; lastKnownFileType = sourcecode.c.objc; path = EPSCodeAnalyzer.m; sourceTree = "<group>"; };
		8ECCF8B418C2324A00001DC6 /* EPSCodeError.h */ = {isa = PBXFileReference; fileEncoding = 4; lastKnownFileType = sourcecode.c.h; path = EPSCodeError.h; sourceTree = "<group>"; };
		8ECCF8B518C2324A00001DC6 /* EPSCodeError.m */ = {isa = PBXFileReference; fileEncoding = 4; lastKnownFileType = sourcecode.c.objc; path = EPSCodeError.m; sourceTree = "<group>"; };
		8ECCF8BA18C65E7100001DC6 /* help.org */ = {isa = PBXFileReference; fileEncoding = 4; lastKnownFileType = text; path = help.org; sourceTree = "<group>"; };
		8ECCF8BC18C65E9000001DC6 /* README.md */ = {isa = PBXFileReference; fileEncoding = 4; lastKnownFileType = text; path = README.md; sourceTree = "<group>"; };
		8ECCF8BE18C65E9900001DC6 /* LICENSE-2.0.txt */ = {isa = PBXFileReference; fileEncoding = 4; lastKnownFileType = text; path = "LICENSE-2.0.txt"; sourceTree = "<group>"; };
		8ECE7A2C1C989CD0001DAEF0 /* EPCodingLaunchScreen_2.storyboard */ = {isa = PBXFileReference; fileEncoding = 4; lastKnownFileType = file.storyboard; path = EPCodingLaunchScreen_2.storyboard; sourceTree = "<group>"; };
		8EDAD1FE1901243900CE48CF /* EPSWizardViewController.h */ = {isa = PBXFileReference; fileEncoding = 4; lastKnownFileType = sourcecode.c.h; path = EPSWizardViewController.h; sourceTree = "<group>"; };
		8EDAD1FF1901243900CE48CF /* EPSWizardViewController.m */ = {isa = PBXFileReference; fileEncoding = 4; lastKnownFileType = sourcecode.c.objc; path = EPSWizardViewController.m; sourceTree = "<group>"; };
		8EDAD2021901286900CE48CF /* EPSWizardContentViewController.h */ = {isa = PBXFileReference; fileEncoding = 4; lastKnownFileType = sourcecode.c.h; path = EPSWizardContentViewController.h; sourceTree = "<group>"; };
		8EDAD2031901286900CE48CF /* EPSWizardContentViewController.m */ = {isa = PBXFileReference; fileEncoding = 4; lastKnownFileType = sourcecode.c.objc; path = EPSWizardContentViewController.m; sourceTree = "<group>"; };
		8EDBEBF7180CCDEB0041A4E3 /* EP Coding.app */ = {isa = PBXFileReference; explicitFileType = wrapper.application; includeInIndex = 0; path = "EP Coding.app"; sourceTree = BUILT_PRODUCTS_DIR; };
		8EDBEBFA180CCDEB0041A4E3 /* Foundation.framework */ = {isa = PBXFileReference; lastKnownFileType = wrapper.framework; name = Foundation.framework; path = System/Library/Frameworks/Foundation.framework; sourceTree = SDKROOT; };
		8EDBEBFC180CCDEB0041A4E3 /* CoreGraphics.framework */ = {isa = PBXFileReference; lastKnownFileType = wrapper.framework; name = CoreGraphics.framework; path = System/Library/Frameworks/CoreGraphics.framework; sourceTree = SDKROOT; };
		8EDBEBFE180CCDEB0041A4E3 /* UIKit.framework */ = {isa = PBXFileReference; lastKnownFileType = wrapper.framework; name = UIKit.framework; path = System/Library/Frameworks/UIKit.framework; sourceTree = SDKROOT; };
		8EDBEC02180CCDEB0041A4E3 /* epcoding-ios-Info.plist */ = {isa = PBXFileReference; lastKnownFileType = text.plist.xml; path = "epcoding-ios-Info.plist"; sourceTree = "<group>"; };
		8EDBEC04180CCDEB0041A4E3 /* en */ = {isa = PBXFileReference; lastKnownFileType = text.plist.strings; name = en; path = en.lproj/InfoPlist.strings; sourceTree = "<group>"; };
		8EDBEC06180CCDEB0041A4E3 /* main.m */ = {isa = PBXFileReference; lastKnownFileType = sourcecode.c.objc; path = main.m; sourceTree = "<group>"; };
		8EDBEC08180CCDEB0041A4E3 /* epcoding-ios-Prefix.pch */ = {isa = PBXFileReference; lastKnownFileType = sourcecode.c.h; path = "epcoding-ios-Prefix.pch"; sourceTree = "<group>"; };
		8EDBEC09180CCDEB0041A4E3 /* EPSAppDelegate.h */ = {isa = PBXFileReference; lastKnownFileType = sourcecode.c.h; path = EPSAppDelegate.h; sourceTree = "<group>"; };
		8EDBEC0A180CCDEB0041A4E3 /* EPSAppDelegate.m */ = {isa = PBXFileReference; lastKnownFileType = sourcecode.c.objc; path = EPSAppDelegate.m; sourceTree = "<group>"; };
		8EDBEC10180CCDEB0041A4E3 /* Base */ = {isa = PBXFileReference; lastKnownFileType = file.storyboard; name = Base; path = Base.lproj/Main_iPad.storyboard; sourceTree = "<group>"; };
		8EDBEC12180CCDEB0041A4E3 /* EPSMasterViewController.h */ = {isa = PBXFileReference; lastKnownFileType = sourcecode.c.h; path = EPSMasterViewController.h; sourceTree = "<group>"; };
		8EDBEC13180CCDEB0041A4E3 /* EPSMasterViewController.m */ = {isa = PBXFileReference; lastKnownFileType = sourcecode.c.objc; path = EPSMasterViewController.m; sourceTree = "<group>"; };
		8EDBEC15180CCDEB0041A4E3 /* EPSDetailViewController.h */ = {isa = PBXFileReference; lastKnownFileType = sourcecode.c.h; path = EPSDetailViewController.h; sourceTree = "<group>"; };
		8EDBEC16180CCDEB0041A4E3 /* EPSDetailViewController.m */ = {isa = PBXFileReference; lastKnownFileType = sourcecode.c.objc; path = EPSDetailViewController.m; sourceTree = "<group>"; };
		8EDBEC18180CCDEB0041A4E3 /* Images.xcassets */ = {isa = PBXFileReference; lastKnownFileType = folder.assetcatalog; name = Images.xcassets; path = "epcoding-ios/Images.xcassets"; sourceTree = "<group>"; };
		8EDBEC1E180CCDEC0041A4E3 /* epcoding-iosTests.xctest */ = {isa = PBXFileReference; explicitFileType = wrapper.cfbundle; includeInIndex = 0; path = "epcoding-iosTests.xctest"; sourceTree = BUILT_PRODUCTS_DIR; };
		8EDBEC1F180CCDEC0041A4E3 /* XCTest.framework */ = {isa = PBXFileReference; lastKnownFileType = wrapper.framework; name = XCTest.framework; path = Library/Frameworks/XCTest.framework; sourceTree = DEVELOPER_DIR; };
		8EDBEC27180CCDEC0041A4E3 /* epcoding-iosTests-Info.plist */ = {isa = PBXFileReference; lastKnownFileType = text.plist.xml; path = "epcoding-iosTests-Info.plist"; sourceTree = "<group>"; };
		8EDBEC29180CCDEC0041A4E3 /* en */ = {isa = PBXFileReference; lastKnownFileType = text.plist.strings; name = en; path = en.lproj/InfoPlist.strings; sourceTree = "<group>"; };
		8EDBEC2B180CCDEC0041A4E3 /* epcoding_iosTests.m */ = {isa = PBXFileReference; lastKnownFileType = sourcecode.c.objc; path = epcoding_iosTests.m; sourceTree = "<group>"; };
		8EE149B21E5D55E800740392 /* img */ = {isa = PBXFileReference; lastKnownFileType = folder; path = img; sourceTree = "<group>"; };
/* End PBXFileReference section */

/* Begin PBXFrameworksBuildPhase section */
		8EDBEBF4180CCDEB0041A4E3 /* Frameworks */ = {
			isa = PBXFrameworksBuildPhase;
			buildActionMask = 2147483647;
			files = (
				8EDBEBFD180CCDEB0041A4E3 /* CoreGraphics.framework in Frameworks */,
				8EDBEBFF180CCDEB0041A4E3 /* UIKit.framework in Frameworks */,
				8EDBEBFB180CCDEB0041A4E3 /* Foundation.framework in Frameworks */,
			);
			runOnlyForDeploymentPostprocessing = 0;
		};
		8EDBEC1B180CCDEC0041A4E3 /* Frameworks */ = {
			isa = PBXFrameworksBuildPhase;
			buildActionMask = 2147483647;
			files = (
				8EDBEC20180CCDEC0041A4E3 /* XCTest.framework in Frameworks */,
				8EDBEC22180CCDEC0041A4E3 /* UIKit.framework in Frameworks */,
				8EDBEC21180CCDEC0041A4E3 /* Foundation.framework in Frameworks */,
			);
			runOnlyForDeploymentPostprocessing = 0;
		};
/* End PBXFrameworksBuildPhase section */

/* Begin PBXGroup section */
		8E92D31F230A1C5700DC2941 /* Storyboards */ = {
			isa = PBXGroup;
			children = (
				8EDBEC0F180CCDEB0041A4E3 /* Main_iPad.storyboard */,
				8E92D320230A1CAE00DC2941 /* Launch Screen.storyboard */,
			);
			path = Storyboards;
			sourceTree = "<group>";
		};
		8EDBEBEE180CCDEB0041A4E3 = {
			isa = PBXGroup;
			children = (
				8ECCF8BE18C65E9900001DC6 /* LICENSE-2.0.txt */,
				8ECCF8BC18C65E9000001DC6 /* README.md */,
				8EDBEC00180CCDEB0041A4E3 /* epcoding-ios */,
				8EDBEC18180CCDEB0041A4E3 /* Images.xcassets */,
				8EDBEC01180CCDEB0041A4E3 /* Supporting Files */,
				8EDBEC25180CCDEC0041A4E3 /* epcoding-iosTests */,
				8EDBEBF9180CCDEB0041A4E3 /* Frameworks */,
				8EDBEBF8180CCDEB0041A4E3 /* Products */,
			);
			sourceTree = "<group>";
		};
		8EDBEBF8180CCDEB0041A4E3 /* Products */ = {
			isa = PBXGroup;
			children = (
				8EDBEBF7180CCDEB0041A4E3 /* EP Coding.app */,
				8EDBEC1E180CCDEC0041A4E3 /* epcoding-iosTests.xctest */,
			);
			name = Products;
			sourceTree = "<group>";
		};
		8EDBEBF9180CCDEB0041A4E3 /* Frameworks */ = {
			isa = PBXGroup;
			children = (
				8EDBEBFA180CCDEB0041A4E3 /* Foundation.framework */,
				8EDBEBFC180CCDEB0041A4E3 /* CoreGraphics.framework */,
				8EDBEBFE180CCDEB0041A4E3 /* UIKit.framework */,
				8EDBEC1F180CCDEC0041A4E3 /* XCTest.framework */,
			);
			name = Frameworks;
			sourceTree = "<group>";
		};
		8EDBEC00180CCDEB0041A4E3 /* epcoding-ios */ = {
			isa = PBXGroup;
			children = (
				8E6823BA23467F660012397E /* cardICD10codes2020.txt */,
				8E92D31F230A1C5700DC2941 /* Storyboards */,
				8EB9E4CC1E43A45900767217 /* stripes5.png */,
				8EDBEC09180CCDEB0041A4E3 /* EPSAppDelegate.h */,
				8EDBEC0A180CCDEB0041A4E3 /* EPSAppDelegate.m */,
				8ECE7A2C1C989CD0001DAEF0 /* EPCodingLaunchScreen_2.storyboard */,
				8EDBEC12180CCDEB0041A4E3 /* EPSMasterViewController.h */,
				8EDBEC13180CCDEB0041A4E3 /* EPSMasterViewController.m */,
				8EDBEC15180CCDEB0041A4E3 /* EPSDetailViewController.h */,
				8EDBEC16180CCDEB0041A4E3 /* EPSDetailViewController.m */,
				8E60902818B514C1001F3D7A /* EPSHelpViewController.h */,
				8E60902918B514C1001F3D7A /* EPSHelpViewController.m */,
				8EC43C1C18B7D09B0007E198 /* EPSCode.h */,
				8EC43C1D18B7D09B0007E198 /* EPSCode.m */,
				8EC43C2018B92C6F0007E198 /* EPSCodes.h */,
				8EC43C2118B92C6F0007E198 /* EPSCodes.m */,
				8E9AEEFC18BCFEB700B6BC1C /* EPSProcedureKeys.h */,
				8E9AEEFD18BCFEB700B6BC1C /* EPSProcedureKeys.m */,
				8E9AEF0018BCFF4800B6BC1C /* EPSProcedureKey.h */,
				8E9AEF0118BCFF4800B6BC1C /* EPSProcedureKey.m */,
				8ECCF8AC18C1268200001DC6 /* EPSCodeSummaryTableViewController.h */,
				8ECCF8AD18C1268200001DC6 /* EPSCodeSummaryTableViewController.m */,
				8ECCF8B018C1CB9700001DC6 /* EPSCodeAnalyzer.h */,
				8ECCF8B118C1CB9700001DC6 /* EPSCodeAnalyzer.m */,
				8ECCF8B418C2324A00001DC6 /* EPSCodeError.h */,
				8ECCF8B518C2324A00001DC6 /* EPSCodeError.m */,
				8E8E06DD18FEE3E700170147 /* EPSSearchTableViewController.h */,
				8E8E06DE18FEE3E700170147 /* EPSSearchTableViewController.m */,
				8EDAD1FE1901243900CE48CF /* EPSWizardViewController.h */,
				8EDAD1FF1901243900CE48CF /* EPSWizardViewController.m */,
				8EDAD2021901286900CE48CF /* EPSWizardContentViewController.h */,
				8EDAD2031901286900CE48CF /* EPSWizardContentViewController.m */,
				8E84DBB21E2C223700CB851D /* EPSModifier.h */,
				8E84DBB31E2C223700CB851D /* EPSModifier.m */,
				8E3751461E46950200075653 /* EPSModifiers.h */,
				8E3751471E46950200075653 /* EPSModifiers.m */,
				8E707E851E3D245B007F8AF8 /* EPSSedationViewController.h */,
				8E707E861E3D245B007F8AF8 /* EPSSedationViewController.m */,
				8E3751491E46C27B00075653 /* EPSModifierTableViewController.h */,
				8E37514A1E46C27B00075653 /* EPSModifierTableViewController.m */,
				8E6705A31E5A540D00F47885 /* EPSSedationCode.h */,
				8E6705A41E5A540D00F47885 /* EPSSedationCode.m */,
				8EB955731EE4E132006CCCB2 /* EPSAbout.h */,
				8EB955741EE4E132006CCCB2 /* EPSAbout.m */,
				8E716CDA1F1FC84B0078CD34 /* ICD10Code.h */,
				8E716CDB1F1FC84B0078CD34 /* ICD10Code.m */,
				8E716CE11F1FCE700078CD34 /* ICD10Codes.h */,
				8E716CE21F1FCE700078CD34 /* ICD10Codes.m */,
				8E716CE41F1FD9960078CD34 /* ICD10TableViewController.h */,
				8E716CE51F1FD9960078CD34 /* ICD10TableViewController.m */,
				8E7CF8E61FA8F07B00A6D065 /* EPSDateTimeCalculatorTableViewController.h */,
				8E7CF8E71FA8F07B00A6D065 /* EPSDateTimeCalculatorTableViewController.m */,
				8E2E3AAB232992A400EA7E97 /* EPSUtilities.h */,
				8E2E3AAC232992A400EA7E97 /* EPSUtilities.m */,
			);
			path = "epcoding-ios";
			sourceTree = "<group>";
		};
		8EDBEC01180CCDEB0041A4E3 /* Supporting Files */ = {
			isa = PBXGroup;
			children = (
				8EE149B21E5D55E800740392 /* img */,
				8ECCF8BA18C65E7100001DC6 /* help.org */,
				8E60902B18B54335001F3D7A /* help.html */,
				8EDBEC02180CCDEB0041A4E3 /* epcoding-ios-Info.plist */,
				8EDBEC03180CCDEB0041A4E3 /* InfoPlist.strings */,
				8EDBEC06180CCDEB0041A4E3 /* main.m */,
				8EDBEC08180CCDEB0041A4E3 /* epcoding-ios-Prefix.pch */,
			);
			name = "Supporting Files";
			path = "epcoding-ios";
			sourceTree = "<group>";
		};
		8EDBEC25180CCDEC0041A4E3 /* epcoding-iosTests */ = {
			isa = PBXGroup;
			children = (
				8EDBEC2B180CCDEC0041A4E3 /* epcoding_iosTests.m */,
				8EDBEC26180CCDEC0041A4E3 /* Supporting Files */,
			);
			path = "epcoding-iosTests";
			sourceTree = "<group>";
		};
		8EDBEC26180CCDEC0041A4E3 /* Supporting Files */ = {
			isa = PBXGroup;
			children = (
				8EDBEC27180CCDEC0041A4E3 /* epcoding-iosTests-Info.plist */,
				8EDBEC28180CCDEC0041A4E3 /* InfoPlist.strings */,
			);
			name = "Supporting Files";
			sourceTree = "<group>";
		};
/* End PBXGroup section */

/* Begin PBXNativeTarget section */
		8EDBEBF6180CCDEB0041A4E3 /* epcoding-ios */ = {
			isa = PBXNativeTarget;
			buildConfigurationList = 8EDBEC2F180CCDEC0041A4E3 /* Build configuration list for PBXNativeTarget "epcoding-ios" */;
			buildPhases = (
				8EDBEBF3180CCDEB0041A4E3 /* Sources */,
				8EDBEBF4180CCDEB0041A4E3 /* Frameworks */,
				8EDBEBF5180CCDEB0041A4E3 /* Resources */,
			);
			buildRules = (
			);
			dependencies = (
			);
			name = "epcoding-ios";
			productName = "epcoding-ios";
			productReference = 8EDBEBF7180CCDEB0041A4E3 /* EP Coding.app */;
			productType = "com.apple.product-type.application";
		};
		8EDBEC1D180CCDEC0041A4E3 /* epcoding-iosTests */ = {
			isa = PBXNativeTarget;
			buildConfigurationList = 8EDBEC32180CCDEC0041A4E3 /* Build configuration list for PBXNativeTarget "epcoding-iosTests" */;
			buildPhases = (
				8EDBEC1A180CCDEC0041A4E3 /* Sources */,
				8EDBEC1B180CCDEC0041A4E3 /* Frameworks */,
				8EDBEC1C180CCDEC0041A4E3 /* Resources */,
			);
			buildRules = (
			);
			dependencies = (
				8EDBEC24180CCDEC0041A4E3 /* PBXTargetDependency */,
			);
			name = "epcoding-iosTests";
			productName = "epcoding-iosTests";
			productReference = 8EDBEC1E180CCDEC0041A4E3 /* epcoding-iosTests.xctest */;
			productType = "com.apple.product-type.bundle.unit-test";
		};
/* End PBXNativeTarget section */

/* Begin PBXProject section */
		8EDBEBEF180CCDEB0041A4E3 /* Project object */ = {
			isa = PBXProject;
			attributes = {
				CLASSPREFIX = EPS;
				LastUpgradeCheck = 1020;
				ORGANIZATIONNAME = "David Mann";
				TargetAttributes = {
					8EDBEBF6180CCDEB0041A4E3 = {
						DevelopmentTeam = W74NPJXYEG;
					};
					8EDBEC1D180CCDEC0041A4E3 = {
						DevelopmentTeam = W74NPJXYEG;
						TestTargetID = 8EDBEBF6180CCDEB0041A4E3;
					};
				};
			};
			buildConfigurationList = 8EDBEBF2180CCDEB0041A4E3 /* Build configuration list for PBXProject "EP Coding" */;
			compatibilityVersion = "Xcode 3.2";
			developmentRegion = en;
			hasScannedForEncodings = 0;
			knownRegions = (
				en,
				Base,
			);
			mainGroup = 8EDBEBEE180CCDEB0041A4E3;
			productRefGroup = 8EDBEBF8180CCDEB0041A4E3 /* Products */;
			projectDirPath = "";
			projectRoot = "";
			targets = (
				8EDBEBF6180CCDEB0041A4E3 /* epcoding-ios */,
				8EDBEC1D180CCDEC0041A4E3 /* epcoding-iosTests */,
			);
		};
/* End PBXProject section */

/* Begin PBXResourcesBuildPhase section */
		8EDBEBF5180CCDEB0041A4E3 /* Resources */ = {
			isa = PBXResourcesBuildPhase;
			buildActionMask = 2147483647;
			files = (
				8EDBEC11180CCDEB0041A4E3 /* Main_iPad.storyboard in Resources */,
				8ECCF8BB18C65E7100001DC6 /* help.org in Resources */,
				8ECE7A2D1C989CD0001DAEF0 /* EPCodingLaunchScreen_2.storyboard in Resources */,
				8E60902C18B54335001F3D7A /* help.html in Resources */,
				8ECCF8BD18C65E9000001DC6 /* README.md in Resources */,
				8E6823BB23467F660012397E /* cardICD10codes2020.txt in Resources */,
				8EDBEC19180CCDEB0041A4E3 /* Images.xcassets in Resources */,
				8E92D321230A1CAE00DC2941 /* Launch Screen.storyboard in Resources */,
				8ECCF8BF18C65E9900001DC6 /* LICENSE-2.0.txt in Resources */,
				8EE149B31E5D55E800740392 /* img in Resources */,
				8EB9E4CD1E43A45900767217 /* stripes5.png in Resources */,
				8EDBEC05180CCDEB0041A4E3 /* InfoPlist.strings in Resources */,
			);
			runOnlyForDeploymentPostprocessing = 0;
		};
		8EDBEC1C180CCDEC0041A4E3 /* Resources */ = {
			isa = PBXResourcesBuildPhase;
			buildActionMask = 2147483647;
			files = (
				8EDBEC2A180CCDEC0041A4E3 /* InfoPlist.strings in Resources */,
			);
			runOnlyForDeploymentPostprocessing = 0;
		};
/* End PBXResourcesBuildPhase section */

/* Begin PBXSourcesBuildPhase section */
		8EDBEBF3180CCDEB0041A4E3 /* Sources */ = {
			isa = PBXSourcesBuildPhase;
			buildActionMask = 2147483647;
			files = (
				8E707E871E3D245B007F8AF8 /* EPSSedationViewController.m in Sources */,
				8E716CDC1F1FC84B0078CD34 /* ICD10Code.m in Sources */,
				8E9AEF0218BCFF4800B6BC1C /* EPSProcedureKey.m in Sources */,
				8ECCF8B618C2324A00001DC6 /* EPSCodeError.m in Sources */,
				8ECCF8B218C1CB9700001DC6 /* EPSCodeAnalyzer.m in Sources */,
				8E2E3AAD232992A400EA7E97 /* EPSUtilities.m in Sources */,
				8E9AEEFE18BCFEB700B6BC1C /* EPSProcedureKeys.m in Sources */,
				8E716CE61F1FD9960078CD34 /* ICD10TableViewController.m in Sources */,
				8EDBEC14180CCDEB0041A4E3 /* EPSMasterViewController.m in Sources */,
				8EDBEC07180CCDEB0041A4E3 /* main.m in Sources */,
				8ECCF8AE18C1268200001DC6 /* EPSCodeSummaryTableViewController.m in Sources */,
				8EDAD2001901243900CE48CF /* EPSWizardViewController.m in Sources */,
				8E84DBB41E2C223700CB851D /* EPSModifier.m in Sources */,
				8EDBEC17180CCDEB0041A4E3 /* EPSDetailViewController.m in Sources */,
				8E8E06DF18FEE3E700170147 /* EPSSearchTableViewController.m in Sources */,
				8EC43C2218B92C6F0007E198 /* EPSCodes.m in Sources */,
				8EDAD2041901286900CE48CF /* EPSWizardContentViewController.m in Sources */,
				8EB955751EE4E132006CCCB2 /* EPSAbout.m in Sources */,
				8E6705A51E5A540D00F47885 /* EPSSedationCode.m in Sources */,
				8E37514B1E46C27B00075653 /* EPSModifierTableViewController.m in Sources */,
				8E7CF8E81FA8F07B00A6D065 /* EPSDateTimeCalculatorTableViewController.m in Sources */,
				8EC43C1E18B7D09B0007E198 /* EPSCode.m in Sources */,
				8EDBEC0B180CCDEB0041A4E3 /* EPSAppDelegate.m in Sources */,
				8E60902A18B514C2001F3D7A /* EPSHelpViewController.m in Sources */,
				8E3751481E46950200075653 /* EPSModifiers.m in Sources */,
				8E716CE31F1FCE700078CD34 /* ICD10Codes.m in Sources */,
			);
			runOnlyForDeploymentPostprocessing = 0;
		};
		8EDBEC1A180CCDEC0041A4E3 /* Sources */ = {
			isa = PBXSourcesBuildPhase;
			buildActionMask = 2147483647;
			files = (
				8E716CDD1F1FC84B0078CD34 /* ICD10Code.m in Sources */,
				8EDBEC2C180CCDEC0041A4E3 /* epcoding_iosTests.m in Sources */,
			);
			runOnlyForDeploymentPostprocessing = 0;
		};
/* End PBXSourcesBuildPhase section */

/* Begin PBXTargetDependency section */
		8EDBEC24180CCDEC0041A4E3 /* PBXTargetDependency */ = {
			isa = PBXTargetDependency;
			target = 8EDBEBF6180CCDEB0041A4E3 /* epcoding-ios */;
			targetProxy = 8EDBEC23180CCDEC0041A4E3 /* PBXContainerItemProxy */;
		};
/* End PBXTargetDependency section */

/* Begin PBXVariantGroup section */
		8EDBEC03180CCDEB0041A4E3 /* InfoPlist.strings */ = {
			isa = PBXVariantGroup;
			children = (
				8EDBEC04180CCDEB0041A4E3 /* en */,
			);
			name = InfoPlist.strings;
			sourceTree = "<group>";
		};
		8EDBEC0F180CCDEB0041A4E3 /* Main_iPad.storyboard */ = {
			isa = PBXVariantGroup;
			children = (
				8EDBEC10180CCDEB0041A4E3 /* Base */,
			);
			name = Main_iPad.storyboard;
			sourceTree = "<group>";
		};
		8EDBEC28180CCDEC0041A4E3 /* InfoPlist.strings */ = {
			isa = PBXVariantGroup;
			children = (
				8EDBEC29180CCDEC0041A4E3 /* en */,
			);
			name = InfoPlist.strings;
			sourceTree = "<group>";
		};
/* End PBXVariantGroup section */

/* Begin XCBuildConfiguration section */
		8EDBEC2D180CCDEC0041A4E3 /* Debug */ = {
			isa = XCBuildConfiguration;
			buildSettings = {
				ALWAYS_SEARCH_USER_PATHS = NO;
				CLANG_ANALYZER_LOCALIZABILITY_NONLOCALIZED = YES;
				CLANG_CXX_LANGUAGE_STANDARD = "gnu++0x";
				CLANG_CXX_LIBRARY = "libc++";
				CLANG_ENABLE_MODULES = YES;
				CLANG_ENABLE_OBJC_ARC = YES;
				CLANG_WARN_BLOCK_CAPTURE_AUTORELEASING = YES;
				CLANG_WARN_BOOL_CONVERSION = YES;
				CLANG_WARN_COMMA = YES;
				CLANG_WARN_CONSTANT_CONVERSION = YES;
				CLANG_WARN_DEPRECATED_OBJC_IMPLEMENTATIONS = YES;
				CLANG_WARN_DIRECT_OBJC_ISA_USAGE = YES_ERROR;
				CLANG_WARN_EMPTY_BODY = YES;
				CLANG_WARN_ENUM_CONVERSION = YES;
				CLANG_WARN_INFINITE_RECURSION = YES;
				CLANG_WARN_INT_CONVERSION = YES;
				CLANG_WARN_NON_LITERAL_NULL_CONVERSION = YES;
				CLANG_WARN_OBJC_IMPLICIT_RETAIN_SELF = YES;
				CLANG_WARN_OBJC_LITERAL_CONVERSION = YES;
				CLANG_WARN_OBJC_ROOT_CLASS = YES_ERROR;
				CLANG_WARN_RANGE_LOOP_ANALYSIS = YES;
				CLANG_WARN_STRICT_PROTOTYPES = YES;
				CLANG_WARN_SUSPICIOUS_MOVE = YES;
				CLANG_WARN_UNREACHABLE_CODE = YES;
				CLANG_WARN__DUPLICATE_METHOD_MATCH = YES;
				"CODE_SIGN_IDENTITY[sdk=iphoneos*]" = "iPhone Developer";
				COPY_PHASE_STRIP = NO;
				ENABLE_STRICT_OBJC_MSGSEND = YES;
				ENABLE_TESTABILITY = YES;
				GCC_C_LANGUAGE_STANDARD = gnu99;
				GCC_DYNAMIC_NO_PIC = NO;
				GCC_NO_COMMON_BLOCKS = YES;
				GCC_OPTIMIZATION_LEVEL = 0;
				GCC_PREPROCESSOR_DEFINITIONS = (
					"DEBUG=1",
					"$(inherited)",
				);
				GCC_SYMBOLS_PRIVATE_EXTERN = NO;
				GCC_WARN_64_TO_32_BIT_CONVERSION = YES;
				GCC_WARN_ABOUT_RETURN_TYPE = YES_ERROR;
				GCC_WARN_UNDECLARED_SELECTOR = YES;
				GCC_WARN_UNINITIALIZED_AUTOS = YES;
				GCC_WARN_UNUSED_FUNCTION = YES;
				GCC_WARN_UNUSED_VARIABLE = YES;
				IPHONEOS_DEPLOYMENT_TARGET = 11.0;
				ONLY_ACTIVE_ARCH = YES;
				SDKROOT = iphoneos;
				TARGETED_DEVICE_FAMILY = "1,2";
			};
			name = Debug;
		};
		8EDBEC2E180CCDEC0041A4E3 /* Release */ = {
			isa = XCBuildConfiguration;
			buildSettings = {
				ALWAYS_SEARCH_USER_PATHS = NO;
				CLANG_ANALYZER_LOCALIZABILITY_NONLOCALIZED = YES;
				CLANG_CXX_LANGUAGE_STANDARD = "gnu++0x";
				CLANG_CXX_LIBRARY = "libc++";
				CLANG_ENABLE_MODULES = YES;
				CLANG_ENABLE_OBJC_ARC = YES;
				CLANG_WARN_BLOCK_CAPTURE_AUTORELEASING = YES;
				CLANG_WARN_BOOL_CONVERSION = YES;
				CLANG_WARN_COMMA = YES;
				CLANG_WARN_CONSTANT_CONVERSION = YES;
				CLANG_WARN_DEPRECATED_OBJC_IMPLEMENTATIONS = YES;
				CLANG_WARN_DIRECT_OBJC_ISA_USAGE = YES_ERROR;
				CLANG_WARN_EMPTY_BODY = YES;
				CLANG_WARN_ENUM_CONVERSION = YES;
				CLANG_WARN_INFINITE_RECURSION = YES;
				CLANG_WARN_INT_CONVERSION = YES;
				CLANG_WARN_NON_LITERAL_NULL_CONVERSION = YES;
				CLANG_WARN_OBJC_IMPLICIT_RETAIN_SELF = YES;
				CLANG_WARN_OBJC_LITERAL_CONVERSION = YES;
				CLANG_WARN_OBJC_ROOT_CLASS = YES_ERROR;
				CLANG_WARN_RANGE_LOOP_ANALYSIS = YES;
				CLANG_WARN_STRICT_PROTOTYPES = YES;
				CLANG_WARN_SUSPICIOUS_MOVE = YES;
				CLANG_WARN_UNREACHABLE_CODE = YES;
				CLANG_WARN__DUPLICATE_METHOD_MATCH = YES;
				"CODE_SIGN_IDENTITY[sdk=iphoneos*]" = "iPhone Developer";
				COPY_PHASE_STRIP = YES;
				ENABLE_NS_ASSERTIONS = NO;
				ENABLE_STRICT_OBJC_MSGSEND = YES;
				GCC_C_LANGUAGE_STANDARD = gnu99;
				GCC_NO_COMMON_BLOCKS = YES;
				GCC_WARN_64_TO_32_BIT_CONVERSION = YES;
				GCC_WARN_ABOUT_RETURN_TYPE = YES_ERROR;
				GCC_WARN_UNDECLARED_SELECTOR = YES;
				GCC_WARN_UNINITIALIZED_AUTOS = YES;
				GCC_WARN_UNUSED_FUNCTION = YES;
				GCC_WARN_UNUSED_VARIABLE = YES;
				IPHONEOS_DEPLOYMENT_TARGET = 11.0;
				SDKROOT = iphoneos;
				TARGETED_DEVICE_FAMILY = "1,2";
				VALIDATE_PRODUCT = YES;
			};
			name = Release;
		};
		8EDBEC30180CCDEC0041A4E3 /* Debug */ = {
			isa = XCBuildConfiguration;
			buildSettings = {
				ASSETCATALOG_COMPILER_APPICON_NAME = AppIcon;
				CODE_SIGN_IDENTITY = "iPhone Developer";
				"CODE_SIGN_IDENTITY[sdk=iphoneos*]" = "iPhone Developer";
				CURRENT_PROJECT_VERSION = 23;
				GCC_PRECOMPILE_PREFIX_HEADER = YES;
				GCC_PREFIX_HEADER = "epcoding-ios/epcoding-ios-Prefix.pch";
				INFOPLIST_FILE = "epcoding-ios/epcoding-ios-Info.plist";
				IPHONEOS_DEPLOYMENT_TARGET = 9.0;
				MARKETING_VERSION = 1.15;
				PRODUCT_BUNDLE_IDENTIFIER = "org.epstudios.${PRODUCT_NAME:rfc1034identifier}";
				PRODUCT_NAME = "EP Coding";
				PROVISIONING_PROFILE = "";
				WRAPPER_EXTENSION = app;
			};
			name = Debug;
		};
		8EDBEC31180CCDEC0041A4E3 /* Release */ = {
			isa = XCBuildConfiguration;
			buildSettings = {
				ASSETCATALOG_COMPILER_APPICON_NAME = AppIcon;
				CODE_SIGN_IDENTITY = "iPhone Developer";
				"CODE_SIGN_IDENTITY[sdk=iphoneos*]" = "iPhone Developer";
				CURRENT_PROJECT_VERSION = 23;
				GCC_PRECOMPILE_PREFIX_HEADER = YES;
				GCC_PREFIX_HEADER = "epcoding-ios/epcoding-ios-Prefix.pch";
				INFOPLIST_FILE = "epcoding-ios/epcoding-ios-Info.plist";
				IPHONEOS_DEPLOYMENT_TARGET = 9.0;
				MARKETING_VERSION = 1.15;
				PRODUCT_BUNDLE_IDENTIFIER = "org.epstudios.${PRODUCT_NAME:rfc1034identifier}";
				PRODUCT_NAME = "EP Coding";
				PROVISIONING_PROFILE = "";
				WRAPPER_EXTENSION = app;
			};
			name = Release;
		};
		8EDBEC33180CCDEC0041A4E3 /* Debug */ = {
			isa = XCBuildConfiguration;
			buildSettings = {
				BUNDLE_LOADER = "$(TEST_HOST)";
				DEVELOPMENT_TEAM = W74NPJXYEG;
				FRAMEWORK_SEARCH_PATHS = "$(DEVELOPER_FRAMEWORKS_DIR)";
				GCC_PRECOMPILE_PREFIX_HEADER = YES;
				GCC_PREFIX_HEADER = "epcoding-ios/epcoding-ios-Prefix.pch";
				GCC_PREPROCESSOR_DEFINITIONS = (
					"DEBUG=1",
					"$(inherited)",
				);
				INFOPLIST_FILE = "epcoding-iosTests/epcoding-iosTests-Info.plist";
				PRODUCT_BUNDLE_IDENTIFIER = "org.epstudios.${PRODUCT_NAME:rfc1034identifier}";
				PRODUCT_NAME = "$(TARGET_NAME)";
				TEST_HOST = "$(BUILT_PRODUCTS_DIR)/EP Coding.app/EP Coding";
				WRAPPER_EXTENSION = xctest;
			};
			name = Debug;
		};
		8EDBEC34180CCDEC0041A4E3 /* Release */ = {
			isa = XCBuildConfiguration;
			buildSettings = {
				BUNDLE_LOADER = "$(TEST_HOST)";
				DEVELOPMENT_TEAM = W74NPJXYEG;
				FRAMEWORK_SEARCH_PATHS = "$(DEVELOPER_FRAMEWORKS_DIR)";
				GCC_PRECOMPILE_PREFIX_HEADER = YES;
				GCC_PREFIX_HEADER = "epcoding-ios/epcoding-ios-Prefix.pch";
				INFOPLIST_FILE = "epcoding-iosTests/epcoding-iosTests-Info.plist";
				PRODUCT_BUNDLE_IDENTIFIER = "org.epstudios.${PRODUCT_NAME:rfc1034identifier}";
				PRODUCT_NAME = "$(TARGET_NAME)";
				TEST_HOST = "$(BUILT_PRODUCTS_DIR)/EP Coding.app/EP Coding";
				WRAPPER_EXTENSION = xctest;
			};
			name = Release;
		};
/* End XCBuildConfiguration section */

/* Begin XCConfigurationList section */
		8EDBEBF2180CCDEB0041A4E3 /* Build configuration list for PBXProject "EP Coding" */ = {
			isa = XCConfigurationList;
			buildConfigurations = (
				8EDBEC2D180CCDEC0041A4E3 /* Debug */,
				8EDBEC2E180CCDEC0041A4E3 /* Release */,
			);
			defaultConfigurationIsVisible = 0;
			defaultConfigurationName = Release;
		};
		8EDBEC2F180CCDEC0041A4E3 /* Build configuration list for PBXNativeTarget "epcoding-ios" */ = {
			isa = XCConfigurationList;
			buildConfigurations = (
				8EDBEC30180CCDEC0041A4E3 /* Debug */,
				8EDBEC31180CCDEC0041A4E3 /* Release */,
			);
			defaultConfigurationIsVisible = 0;
			defaultConfigurationName = Release;
		};
		8EDBEC32180CCDEC0041A4E3 /* Build configuration list for PBXNativeTarget "epcoding-iosTests" */ = {
			isa = XCConfigurationList;
			buildConfigurations = (
				8EDBEC33180CCDEC0041A4E3 /* Debug */,
				8EDBEC34180CCDEC0041A4E3 /* Release */,
			);
			defaultConfigurationIsVisible = 0;
			defaultConfigurationName = Release;
		};
/* End XCConfigurationList section */
	};
	rootObject = 8EDBEBEF180CCDEB0041A4E3 /* Project object */;
}
